{
 "_meta": {
  "file-type": "spack-lockfile",
  "lockfile-version": 2
 },
 "roots": [
  {
   "hash": "rut2gjmrvhhauihhtf4jt6me4trs46bp",
   "spec": "llvm-openmp"
  },
  {
   "hash": "hrqcofj7tfwy6dqstzpmjgsd5f74adx7",
   "spec": "openmpi"
  },
  {
   "hash": "rnqnaezmkigigfw5jaunhgkyvkkqcw7w",
   "spec": "hdf5+hl+mpi"
  },
  {
   "hash": "j6ylf7nhwnunbdz7poz6rkgl5jbo4hic",
   "spec": "fftw+mpi+openmp"
  },
  {
   "hash": "rqafdlrabm7pjgfnehpnksbz3625cyfd",
   "spec": "gsl"
  }
 ],
 "concrete_specs": {
  "rut2gjmrvhhauihhtf4jt6me4trs46bp": {
   "llvm-openmp": {
    "version": "9.0.0",
    "arch": {
     "platform": "darwin",
     "platform_os": "bigsur",
     "target": {
      "name": "skylake",
      "vendor": "GenuineIntel",
      "features": [
       "adx",
       "aes",
       "avx",
       "avx2",
       "bmi1",
       "bmi2",
       "clflushopt",
       "f16c",
       "fma",
       "mmx",
       "movbe",
       "pclmulqdq",
       "popcnt",
       "rdrand",
       "rdseed",
       "sse",
       "sse2",
       "sse4_1",
       "sse4_2",
       "ssse3",
       "xsavec",
       "xsaveopt"
      ],
      "generation": 0,
      "parents": [
       "broadwell"
      ]
     }
    },
    "compiler": {
     "name": "gcc",
     "version": "11.1.0"
    },
    "namespace": "builtin",
    "parameters": {
     "build_type": "RelWithDebInfo",
     "ipo": false,
     "multicompat": false,
     "cflags": [],
     "cppflags": [],
     "cxxflags": [],
     "fflags": [],
     "ldflags": [],
     "ldlibs": []
    },
    "dependencies": {
     "cmake": {
      "hash": "dntkszc43eer63th2pjcqfbdppbmq7vy",
      "type": [
       "build"
      ]
     }
    },
    "hash": "tw6dqx2k2kq6nltu2rxs7ofa24o55tvv"
   }
  },
  "dntkszc43eer63th2pjcqfbdppbmq7vy": {
   "cmake": {
    "version": "3.20.2",
    "arch": {
     "platform": "darwin",
     "platform_os": "bigsur",
     "target": {
      "name": "skylake",
      "vendor": "GenuineIntel",
      "features": [
       "adx",
       "aes",
       "avx",
       "avx2",
       "bmi1",
       "bmi2",
       "clflushopt",
       "f16c",
       "fma",
       "mmx",
       "movbe",
       "pclmulqdq",
       "popcnt",
       "rdrand",
       "rdseed",
       "sse",
       "sse2",
       "sse4_1",
       "sse4_2",
       "ssse3",
       "xsavec",
       "xsaveopt"
      ],
      "generation": 0,
      "parents": [
       "broadwell"
      ]
     }
    },
    "compiler": {
     "name": "gcc",
     "version": "11.1.0"
    },
    "namespace": "builtin",
    "parameters": {
     "build_type": "Release",
     "doc": false,
     "ncurses": true,
     "openssl": true,
     "ownlibs": true,
     "qt": false,
     "cflags": [],
     "cppflags": [],
     "cxxflags": [],
     "fflags": [],
     "ldflags": [],
     "ldlibs": []
    },
    "external": {
     "path": "/usr/local/Cellar/cmake/3.20.2",
     "module": null,
     "extra_attributes": {}
    },
    "hash": "dntkszc43eer63th2pjcqfbdppbmq7vy"
   }
  },
  "hrqcofj7tfwy6dqstzpmjgsd5f74adx7": {
   "openmpi": {
    "version": "4.1.1",
    "arch": {
     "platform": "darwin",
     "platform_os": "bigsur",
     "target": {
      "name": "skylake",
      "vendor": "GenuineIntel",
      "features": [
       "adx",
       "aes",
       "avx",
       "avx2",
       "bmi1",
       "bmi2",
       "clflushopt",
       "f16c",
       "fma",
       "mmx",
       "movbe",
       "pclmulqdq",
       "popcnt",
       "rdrand",
       "rdseed",
       "sse",
       "sse2",
       "sse4_1",
       "sse4_2",
       "ssse3",
       "xsavec",
       "xsaveopt"
      ],
      "generation": 0,
      "parents": [
       "broadwell"
      ]
     }
    },
    "compiler": {
     "name": "gcc",
     "version": "11.1.0"
    },
    "namespace": "builtin",
    "parameters": {
     "atomics": false,
     "cuda": false,
     "cxx": false,
     "cxx_exceptions": false,
     "fabrics": [
      "none"
     ],
     "gpfs": true,
     "internal-hwloc": false,
     "java": false,
     "legacylaunchers": false,
     "lustre": false,
     "memchecker": false,
     "pmi": false,
     "schedulers": [
      "none"
     ],
     "singularity": false,
     "sqlite3": false,
     "static": true,
     "thread_multiple": false,
     "vt": true,
     "wrapper-rpath": true,
     "cflags": [],
     "cppflags": [],
     "cxxflags": [],
     "fflags": [],
     "ldflags": [],
     "ldlibs": []
    },
    "dependencies": {
     "hwloc": {
      "hash": "bk7tnp6nzcjxvk6s3v6h5m3gljhm72mw",
      "type": [
       "build",
       "link"
      ]
     },
     "libevent": {
      "hash": "vfogmz7bt6y2f5ttaf34vtyqxehb625f",
      "type": [
       "build",
       "link"
      ]
     },
     "openssh": {
      "hash": "um6umcu5yqzfaz6cql2hu6wrmtwh3vk6",
      "type": [
       "run"
      ]
     },
     "perl": {
      "hash": "xqhm3samgxs3445c6nlhkb2lr7xpcwqa",
      "type": [
       "build"
      ]
     },
     "pkgconf": {
      "hash": "dpl2ah43btcwhu7ihvywi4k6mr4bhjj5",
      "type": [
       "build"
      ]
     },
     "zlib": {
      "hash": "oll4m2dh7d3vjpdlfpncdmeihx562kjr",
      "type": [
       "build",
       "link"
      ]
     }
    },
    "hash": "m6plbyox4anptl4ncrsg4uncqmaq4447"
   }
  },
  "bk7tnp6nzcjxvk6s3v6h5m3gljhm72mw": {
   "hwloc": {
    "version": "2.5.0",
    "arch": {
     "platform": "darwin",
     "platform_os": "bigsur",
     "target": {
      "name": "skylake",
      "vendor": "GenuineIntel",
      "features": [
       "adx",
       "aes",
       "avx",
       "avx2",
       "bmi1",
       "bmi2",
       "clflushopt",
       "f16c",
       "fma",
       "mmx",
       "movbe",
       "pclmulqdq",
       "popcnt",
       "rdrand",
       "rdseed",
       "sse",
       "sse2",
       "sse4_1",
       "sse4_2",
       "ssse3",
       "xsavec",
       "xsaveopt"
      ],
      "generation": 0,
      "parents": [
       "broadwell"
      ]
     }
    },
    "compiler": {
     "name": "gcc",
     "version": "11.1.0"
    },
    "namespace": "builtin",
    "parameters": {
     "cairo": false,
     "cuda": false,
     "gl": false,
     "libudev": false,
     "libxml2": true,
     "netloc": false,
     "nvml": false,
     "pci": false,
     "shared": true,
     "cflags": [],
     "cppflags": [],
     "cxxflags": [],
     "fflags": [],
     "ldflags": [],
     "ldlibs": []
    },
    "dependencies": {
     "libxml2": {
      "hash": "fiymtyk524ilodmkrqvcm6lu6dktgyep",
      "type": [
       "build",
       "link"
      ]
     },
     "ncurses": {
      "hash": "qormho2vfjlcqynpqifkty6mxy3trq2k",
      "type": [
       "build",
       "link"
      ]
     },
     "pkgconf": {
      "hash": "dpl2ah43btcwhu7ihvywi4k6mr4bhjj5",
      "type": [
       "build"
      ]
     }
    },
    "hash": "4mhx4pv2dxncutpzmwvovme45h66qqxa"
   }
  },
  "fiymtyk524ilodmkrqvcm6lu6dktgyep": {
   "libxml2": {
    "version": "2.9.10",
    "arch": {
     "platform": "darwin",
     "platform_os": "bigsur",
     "target": {
      "name": "skylake",
      "vendor": "GenuineIntel",
      "features": [
       "adx",
       "aes",
       "avx",
       "avx2",
       "bmi1",
       "bmi2",
       "clflushopt",
       "f16c",
       "fma",
       "mmx",
       "movbe",
       "pclmulqdq",
       "popcnt",
       "rdrand",
       "rdseed",
       "sse",
       "sse2",
       "sse4_1",
       "sse4_2",
       "ssse3",
       "xsavec",
       "xsaveopt"
      ],
      "generation": 0,
      "parents": [
       "broadwell"
      ]
     }
    },
    "compiler": {
     "name": "gcc",
     "version": "11.1.0"
    },
    "namespace": "builtin",
    "parameters": {
     "python": false,
     "cflags": [],
     "cppflags": [],
     "cxxflags": [],
     "fflags": [],
     "ldflags": [],
     "ldlibs": []
    },
    "dependencies": {
     "libiconv": {
      "hash": "q4i4nxoak54cfkvkhngwkxehexnxfptq",
      "type": [
       "build",
       "link"
      ]
     },
     "pkgconf": {
      "hash": "dpl2ah43btcwhu7ihvywi4k6mr4bhjj5",
      "type": [
       "build"
      ]
     },
     "xz": {
      "hash": "wmtymo4x37a5d5f75umrxmrc7pw5rn4g",
      "type": [
       "build",
       "link"
      ]
     },
     "zlib": {
      "hash": "oll4m2dh7d3vjpdlfpncdmeihx562kjr",
      "type": [
       "build",
       "link"
      ]
     }
    },
    "hash": "d4yohli4cvqyechiostj7c6cs7dtzh2s"
   }
  },
  "q4i4nxoak54cfkvkhngwkxehexnxfptq": {
   "libiconv": {
    "version": "1.16",
    "arch": {
     "platform": "darwin",
     "platform_os": "bigsur",
     "target": {
      "name": "skylake",
      "vendor": "GenuineIntel",
      "features": [
       "adx",
       "aes",
       "avx",
       "avx2",
       "bmi1",
       "bmi2",
       "clflushopt",
       "f16c",
       "fma",
       "mmx",
       "movbe",
       "pclmulqdq",
       "popcnt",
       "rdrand",
       "rdseed",
       "sse",
       "sse2",
       "sse4_1",
       "sse4_2",
       "ssse3",
       "xsavec",
       "xsaveopt"
      ],
      "generation": 0,
      "parents": [
       "broadwell"
      ]
     }
    },
    "compiler": {
     "name": "gcc",
     "version": "11.1.0"
    },
    "namespace": "builtin",
    "parameters": {
     "cflags": [],
     "cppflags": [],
     "cxxflags": [],
     "fflags": [],
     "ldflags": [],
     "ldlibs": []
    },
    "hash": "q4i4nxoak54cfkvkhngwkxehexnxfptq"
   }
  },
  "dpl2ah43btcwhu7ihvywi4k6mr4bhjj5": {
   "pkgconf": {
    "version": "1.7.4",
    "arch": {
     "platform": "darwin",
     "platform_os": "bigsur",
     "target": {
      "name": "skylake",
      "vendor": "GenuineIntel",
      "features": [
       "adx",
       "aes",
       "avx",
       "avx2",
       "bmi1",
       "bmi2",
       "clflushopt",
       "f16c",
       "fma",
       "mmx",
       "movbe",
       "pclmulqdq",
       "popcnt",
       "rdrand",
       "rdseed",
       "sse",
       "sse2",
       "sse4_1",
       "sse4_2",
       "ssse3",
       "xsavec",
       "xsaveopt"
      ],
      "generation": 0,
      "parents": [
       "broadwell"
      ]
     }
    },
    "compiler": {
     "name": "gcc",
     "version": "11.1.0"
    },
    "namespace": "builtin",
    "parameters": {
     "cflags": [],
     "cppflags": [],
     "cxxflags": [],
     "fflags": [],
     "ldflags": [],
     "ldlibs": []
    },
    "hash": "dpl2ah43btcwhu7ihvywi4k6mr4bhjj5"
   }
  },
  "wmtymo4x37a5d5f75umrxmrc7pw5rn4g": {
   "xz": {
    "version": "5.2.5",
    "arch": {
     "platform": "darwin",
     "platform_os": "bigsur",
     "target": {
      "name": "skylake",
      "vendor": "GenuineIntel",
      "features": [
       "adx",
       "aes",
       "avx",
       "avx2",
       "bmi1",
       "bmi2",
       "clflushopt",
       "f16c",
       "fma",
       "mmx",
       "movbe",
       "pclmulqdq",
       "popcnt",
       "rdrand",
       "rdseed",
       "sse",
       "sse2",
       "sse4_1",
       "sse4_2",
       "ssse3",
       "xsavec",
       "xsaveopt"
      ],
      "generation": 0,
      "parents": [
       "broadwell"
      ]
     }
    },
    "compiler": {
     "name": "gcc",
     "version": "11.1.0"
    },
    "namespace": "builtin",
    "parameters": {
     "libs": [
      "shared",
      "static"
     ],
     "pic": false,
     "cflags": [],
     "cppflags": [],
     "cxxflags": [],
     "fflags": [],
     "ldflags": [],
     "ldlibs": []
    },
    "hash": "wmtymo4x37a5d5f75umrxmrc7pw5rn4g"
   }
  },
  "oll4m2dh7d3vjpdlfpncdmeihx562kjr": {
   "zlib": {
    "version": "1.2.11",
    "arch": {
     "platform": "darwin",
     "platform_os": "bigsur",
     "target": {
      "name": "skylake",
      "vendor": "GenuineIntel",
      "features": [
       "adx",
       "aes",
       "avx",
       "avx2",
       "bmi1",
       "bmi2",
       "clflushopt",
       "f16c",
       "fma",
       "mmx",
       "movbe",
       "pclmulqdq",
       "popcnt",
       "rdrand",
       "rdseed",
       "sse",
       "sse2",
       "sse4_1",
       "sse4_2",
       "ssse3",
       "xsavec",
       "xsaveopt"
      ],
      "generation": 0,
      "parents": [
       "broadwell"
      ]
     }
    },
    "compiler": {
     "name": "gcc",
     "version": "11.1.0"
    },
    "namespace": "builtin",
    "parameters": {
     "optimize": true,
     "pic": true,
     "shared": true,
     "cflags": [],
     "cppflags": [],
     "cxxflags": [],
     "fflags": [],
     "ldflags": [],
     "ldlibs": []
    },
    "hash": "oll4m2dh7d3vjpdlfpncdmeihx562kjr"
   }
  },
  "qormho2vfjlcqynpqifkty6mxy3trq2k": {
   "ncurses": {
    "version": "6.2",
    "arch": {
     "platform": "darwin",
     "platform_os": "bigsur",
     "target": {
      "name": "skylake",
      "vendor": "GenuineIntel",
      "features": [
       "adx",
       "aes",
       "avx",
       "avx2",
       "bmi1",
       "bmi2",
       "clflushopt",
       "f16c",
       "fma",
       "mmx",
       "movbe",
       "pclmulqdq",
       "popcnt",
       "rdrand",
       "rdseed",
       "sse",
       "sse2",
       "sse4_1",
       "sse4_2",
       "ssse3",
       "xsavec",
       "xsaveopt"
      ],
      "generation": 0,
      "parents": [
       "broadwell"
      ]
     }
    },
    "compiler": {
     "name": "gcc",
     "version": "11.1.0"
    },
    "namespace": "builtin",
    "parameters": {
     "abi": "none",
     "symlinks": false,
     "termlib": true,
     "cflags": [],
     "cppflags": [],
     "cxxflags": [],
     "fflags": [],
     "ldflags": [],
     "ldlibs": []
    },
    "dependencies": {
     "pkgconf": {
      "hash": "dpl2ah43btcwhu7ihvywi4k6mr4bhjj5",
      "type": [
       "build"
      ]
     }
    },
    "hash": "o2szbafajtys5555npnui2wr7wiycgte"
   }
  },
  "vfogmz7bt6y2f5ttaf34vtyqxehb625f": {
   "libevent": {
    "version": "2.1.12",
    "arch": {
     "platform": "darwin",
     "platform_os": "bigsur",
     "target": {
      "name": "skylake",
      "vendor": "GenuineIntel",
      "features": [
       "adx",
       "aes",
       "avx",
       "avx2",
       "bmi1",
       "bmi2",
       "clflushopt",
       "f16c",
       "fma",
       "mmx",
       "movbe",
       "pclmulqdq",
       "popcnt",
       "rdrand",
       "rdseed",
       "sse",
       "sse2",
       "sse4_1",
       "sse4_2",
       "ssse3",
       "xsavec",
       "xsaveopt"
      ],
      "generation": 0,
      "parents": [
       "broadwell"
      ]
     }
    },
    "compiler": {
     "name": "gcc",
     "version": "11.1.0"
    },
    "namespace": "builtin",
    "parameters": {
     "openssl": true,
     "cflags": [],
     "cppflags": [],
     "cxxflags": [],
     "fflags": [],
     "ldflags": [],
     "ldlibs": []
    },
    "dependencies": {
     "openssl": {
      "hash": "6w7wosqlx36yv3jinmwzzlzshd7xkrjf",
      "type": [
       "build",
       "link"
      ]
     }
    },
    "hash": "kmrptsjbl4ghvwa54yzyozt7xqusvjac"
   }
  },
  "6w7wosqlx36yv3jinmwzzlzshd7xkrjf": {
   "openssl": {
    "version": "1.1.1k",
    "arch": {
     "platform": "darwin",
     "platform_os": "bigsur",
     "target": {
      "name": "skylake",
      "vendor": "GenuineIntel",
      "features": [
       "adx",
       "aes",
       "avx",
       "avx2",
       "bmi1",
       "bmi2",
       "clflushopt",
       "f16c",
       "fma",
       "mmx",
       "movbe",
       "pclmulqdq",
       "popcnt",
       "rdrand",
       "rdseed",
       "sse",
       "sse2",
       "sse4_1",
       "sse4_2",
       "ssse3",
       "xsavec",
       "xsaveopt"
      ],
      "generation": 0,
      "parents": [
       "broadwell"
      ]
     }
    },
    "compiler": {
     "name": "gcc",
     "version": "11.1.0"
    },
    "namespace": "builtin",
    "parameters": {
     "docs": false,
     "systemcerts": true,
     "cflags": [],
     "cppflags": [],
     "cxxflags": [],
     "fflags": [],
     "ldflags": [],
     "ldlibs": []
    },
    "dependencies": {
     "perl": {
      "hash": "xqhm3samgxs3445c6nlhkb2lr7xpcwqa",
      "type": [
       "build",
       "test"
      ]
     },
     "zlib": {
      "hash": "oll4m2dh7d3vjpdlfpncdmeihx562kjr",
      "type": [
       "build",
       "link"
      ]
     }
    },
    "hash": "d4nawuktwmxmpx5z65rxev3ud3bpdv7t"
   }
  },
  "xqhm3samgxs3445c6nlhkb2lr7xpcwqa": {
   "perl": {
    "version": "5.34.0",
    "arch": {
     "platform": "darwin",
     "platform_os": "bigsur",
     "target": {
      "name": "skylake",
      "vendor": "GenuineIntel",
      "features": [
       "adx",
       "aes",
       "avx",
       "avx2",
       "bmi1",
       "bmi2",
       "clflushopt",
       "f16c",
       "fma",
       "mmx",
       "movbe",
       "pclmulqdq",
       "popcnt",
       "rdrand",
       "rdseed",
       "sse",
       "sse2",
       "sse4_1",
       "sse4_2",
       "ssse3",
       "xsavec",
       "xsaveopt"
      ],
      "generation": 0,
      "parents": [
       "broadwell"
      ]
     }
    },
    "compiler": {
     "name": "gcc",
     "version": "11.1.0"
    },
    "namespace": "builtin",
    "parameters": {
     "cpanm": true,
     "shared": true,
     "threads": true,
     "cflags": [],
     "cppflags": [],
     "cxxflags": [],
     "fflags": [],
     "ldflags": [],
     "ldlibs": []
    },
    "dependencies": {
     "berkeley-db": {
      "hash": "dm4tdeguxixw2zlavj337drtn7pxuyok",
      "type": [
       "build",
       "link"
      ]
     },
     "bzip2": {
      "hash": "b3apariz5rbm6ogvkvbv2jwlc36egyi3",
      "type": [
       "build",
       "link"
      ]
     },
     "gdbm": {
      "hash": "znrayci3u4karlgm7s2z7ucnym73sxf2",
      "type": [
       "build",
       "link"
      ]
     },
     "zlib": {
      "hash": "oll4m2dh7d3vjpdlfpncdmeihx562kjr",
      "type": [
       "build",
       "link"
      ]
     }
    },
    "hash": "doya3cmidbekpokutav5fa3cn4vywnxs"
   }
  },
  "dm4tdeguxixw2zlavj337drtn7pxuyok": {
   "berkeley-db": {
    "version": "18.1.40",
    "arch": {
     "platform": "darwin",
     "platform_os": "bigsur",
     "target": {
      "name": "skylake",
      "vendor": "GenuineIntel",
      "features": [
       "adx",
       "aes",
       "avx",
       "avx2",
       "bmi1",
       "bmi2",
       "clflushopt",
       "f16c",
       "fma",
       "mmx",
       "movbe",
       "pclmulqdq",
       "popcnt",
       "rdrand",
       "rdseed",
       "sse",
       "sse2",
       "sse4_1",
       "sse4_2",
       "ssse3",
       "xsavec",
       "xsaveopt"
      ],
      "generation": 0,
      "parents": [
       "broadwell"
      ]
     }
    },
    "compiler": {
     "name": "gcc",
     "version": "11.1.0"
    },
    "namespace": "builtin",
    "parameters": {
     "cxx": true,
     "docs": false,
     "patches": [
      "b231fcc4d5cff05e5c3a4814f6a5af0e9a966428dc2176540d2c05aff41de522"
     ],
     "stl": true,
     "cflags": [],
     "cppflags": [],
     "cxxflags": [],
     "fflags": [],
     "ldflags": [],
     "ldlibs": []
    },
    "patches": [
     "b231fcc4d5cff05e5c3a4814f6a5af0e9a966428dc2176540d2c05aff41de522"
    ],
    "hash": "dm4tdeguxixw2zlavj337drtn7pxuyok"
   }
  },
  "b3apariz5rbm6ogvkvbv2jwlc36egyi3": {
   "bzip2": {
    "version": "1.0.8",
    "arch": {
     "platform": "darwin",
     "platform_os": "bigsur",
     "target": {
      "name": "skylake",
      "vendor": "GenuineIntel",
      "features": [
       "adx",
       "aes",
       "avx",
       "avx2",
       "bmi1",
       "bmi2",
       "clflushopt",
       "f16c",
       "fma",
       "mmx",
       "movbe",
       "pclmulqdq",
       "popcnt",
       "rdrand",
       "rdseed",
       "sse",
       "sse2",
       "sse4_1",
       "sse4_2",
       "ssse3",
       "xsavec",
       "xsaveopt"
      ],
      "generation": 0,
      "parents": [
       "broadwell"
      ]
     }
    },
    "compiler": {
     "name": "gcc",
     "version": "11.1.0"
    },
    "namespace": "builtin",
    "parameters": {
     "debug": false,
     "pic": false,
     "shared": true,
     "cflags": [],
     "cppflags": [],
     "cxxflags": [],
     "fflags": [],
     "ldflags": [],
     "ldlibs": []
    },
    "dependencies": {
     "diffutils": {
      "hash": "hqhstoovv3jjnd5lnj453pikgsuizsoh",
      "type": [
       "build"
      ]
     }
    },
    "hash": "2riv2cfqydu6w4sxsre4hzpaiw55cor4"
   }
  },
  "hqhstoovv3jjnd5lnj453pikgsuizsoh": {
   "diffutils": {
    "version": "3.7",
    "arch": {
     "platform": "darwin",
     "platform_os": "bigsur",
     "target": {
      "name": "skylake",
      "vendor": "GenuineIntel",
      "features": [
       "adx",
       "aes",
       "avx",
       "avx2",
       "bmi1",
       "bmi2",
       "clflushopt",
       "f16c",
       "fma",
       "mmx",
       "movbe",
       "pclmulqdq",
       "popcnt",
       "rdrand",
       "rdseed",
       "sse",
       "sse2",
       "sse4_1",
       "sse4_2",
       "ssse3",
       "xsavec",
       "xsaveopt"
      ],
      "generation": 0,
      "parents": [
       "broadwell"
      ]
     }
    },
    "compiler": {
     "name": "gcc",
     "version": "11.1.0"
    },
    "namespace": "builtin",
    "parameters": {
     "cflags": [],
     "cppflags": [],
     "cxxflags": [],
     "fflags": [],
     "ldflags": [],
     "ldlibs": []
    },
    "dependencies": {
     "libiconv": {
      "hash": "q4i4nxoak54cfkvkhngwkxehexnxfptq",
      "type": [
       "build",
       "link"
      ]
     }
    },
    "hash": "hqhstoovv3jjnd5lnj453pikgsuizsoh"
   }
  },
  "znrayci3u4karlgm7s2z7ucnym73sxf2": {
   "gdbm": {
    "version": "1.19",
    "arch": {
     "platform": "darwin",
     "platform_os": "bigsur",
     "target": {
      "name": "skylake",
      "vendor": "GenuineIntel",
      "features": [
       "adx",
       "aes",
       "avx",
       "avx2",
       "bmi1",
       "bmi2",
       "clflushopt",
       "f16c",
       "fma",
       "mmx",
       "movbe",
       "pclmulqdq",
       "popcnt",
       "rdrand",
       "rdseed",
       "sse",
       "sse2",
       "sse4_1",
       "sse4_2",
       "ssse3",
       "xsavec",
       "xsaveopt"
      ],
      "generation": 0,
      "parents": [
       "broadwell"
      ]
     }
    },
    "compiler": {
     "name": "gcc",
     "version": "11.1.0"
    },
    "namespace": "builtin",
    "parameters": {
     "cflags": [],
     "cppflags": [],
     "cxxflags": [],
     "fflags": [],
     "ldflags": [],
     "ldlibs": []
    },
    "dependencies": {
     "readline": {
      "hash": "pvnb5ubn7btouxtcgepbmlmjwu375lax",
      "type": [
       "build",
       "link"
      ]
     }
    },
    "hash": "r4dgrwnfb63wgukjojr3ydbvupxpstja"
   }
  },
  "pvnb5ubn7btouxtcgepbmlmjwu375lax": {
   "readline": {
    "version": "8.1",
    "arch": {
     "platform": "darwin",
     "platform_os": "bigsur",
     "target": {
      "name": "skylake",
      "vendor": "GenuineIntel",
      "features": [
       "adx",
       "aes",
       "avx",
       "avx2",
       "bmi1",
       "bmi2",
       "clflushopt",
       "f16c",
       "fma",
       "mmx",
       "movbe",
       "pclmulqdq",
       "popcnt",
       "rdrand",
       "rdseed",
       "sse",
       "sse2",
       "sse4_1",
       "sse4_2",
       "ssse3",
       "xsavec",
       "xsaveopt"
      ],
      "generation": 0,
      "parents": [
       "broadwell"
      ]
     }
    },
    "compiler": {
     "name": "gcc",
     "version": "11.1.0"
    },
    "namespace": "builtin",
    "parameters": {
     "cflags": [],
     "cppflags": [],
     "cxxflags": [],
     "fflags": [],
     "ldflags": [],
     "ldlibs": []
    },
    "dependencies": {
     "ncurses": {
      "hash": "qormho2vfjlcqynpqifkty6mxy3trq2k",
      "type": [
       "build",
       "link"
      ]
     }
    },
    "hash": "sjxpslokknomxswp4dgkqbdvhdxeu3si"
   }
  },
  "um6umcu5yqzfaz6cql2hu6wrmtwh3vk6": {
   "openssh": {
    "version": "8.5p1",
    "arch": {
     "platform": "darwin",
     "platform_os": "bigsur",
     "target": {
      "name": "skylake",
      "vendor": "GenuineIntel",
      "features": [
       "adx",
       "aes",
       "avx",
       "avx2",
       "bmi1",
       "bmi2",
       "clflushopt",
       "f16c",
       "fma",
       "mmx",
       "movbe",
       "pclmulqdq",
       "popcnt",
       "rdrand",
       "rdseed",
       "sse",
       "sse2",
       "sse4_1",
       "sse4_2",
       "ssse3",
       "xsavec",
       "xsaveopt"
      ],
      "generation": 0,
      "parents": [
       "broadwell"
      ]
     }
    },
    "compiler": {
     "name": "gcc",
     "version": "11.1.0"
    },
    "namespace": "builtin",
    "parameters": {
     "cflags": [],
     "cppflags": [],
     "cxxflags": [],
     "fflags": [],
     "ldflags": [],
     "ldlibs": []
    },
    "dependencies": {
     "libedit": {
      "hash": "djggdowgg7zr5g5se4xpcnu36xgnvg7l",
      "type": [
       "build",
       "link"
      ]
     },
     "ncurses": {
      "hash": "qormho2vfjlcqynpqifkty6mxy3trq2k",
      "type": [
       "build",
       "link"
      ]
     },
     "openssl": {
      "hash": "6w7wosqlx36yv3jinmwzzlzshd7xkrjf",
      "type": [
       "build",
       "link"
      ]
     },
     "zlib": {
      "hash": "oll4m2dh7d3vjpdlfpncdmeihx562kjr",
      "type": [
       "build",
       "link"
      ]
     }
    },
    "hash": "qrb747uw4epo6pb43qdwmglgb2hqatnx"
   }
  },
  "djggdowgg7zr5g5se4xpcnu36xgnvg7l": {
   "libedit": {
    "version": "3.1-20210216",
    "arch": {
     "platform": "darwin",
     "platform_os": "bigsur",
     "target": {
      "name": "skylake",
      "vendor": "GenuineIntel",
      "features": [
       "adx",
       "aes",
       "avx",
       "avx2",
       "bmi1",
       "bmi2",
       "clflushopt",
       "f16c",
       "fma",
       "mmx",
       "movbe",
       "pclmulqdq",
       "popcnt",
       "rdrand",
       "rdseed",
       "sse",
       "sse2",
       "sse4_1",
       "sse4_2",
       "ssse3",
       "xsavec",
       "xsaveopt"
      ],
      "generation": 0,
      "parents": [
       "broadwell"
      ]
     }
    },
    "compiler": {
     "name": "gcc",
     "version": "11.1.0"
    },
    "namespace": "builtin",
    "parameters": {
     "cflags": [],
     "cppflags": [],
     "cxxflags": [],
     "fflags": [],
     "ldflags": [],
     "ldlibs": []
    },
    "dependencies": {
     "ncurses": {
      "hash": "qormho2vfjlcqynpqifkty6mxy3trq2k",
      "type": [
       "build",
       "link"
      ]
     },
     "pkgconf": {
      "hash": "dpl2ah43btcwhu7ihvywi4k6mr4bhjj5",
      "type": [
       "build"
      ]
     }
    },
    "hash": "bbpor354emr2q4xlpj4ej4e3inbqgmhg"
   }
  },
  "rnqnaezmkigigfw5jaunhgkyvkkqcw7w": {
   "hdf5": {
    "version": "1.10.7",
    "arch": {
     "platform": "darwin",
     "platform_os": "bigsur",
     "target": {
      "name": "skylake",
      "vendor": "GenuineIntel",
      "features": [
       "adx",
       "aes",
       "avx",
       "avx2",
       "bmi1",
       "bmi2",
       "clflushopt",
       "f16c",
       "fma",
       "mmx",
       "movbe",
       "pclmulqdq",
       "popcnt",
       "rdrand",
       "rdseed",
       "sse",
       "sse2",
       "sse4_1",
       "sse4_2",
       "ssse3",
       "xsavec",
       "xsaveopt"
      ],
      "generation": 0,
      "parents": [
       "broadwell"
      ]
     }
    },
    "compiler": {
     "name": "gcc",
     "version": "11.1.0"
    },
    "namespace": "builtin",
    "parameters": {
     "api": "default",
     "build_type": "RelWithDebInfo",
     "cxx": false,
     "fortran": false,
     "hl": true,
     "ipo": false,
     "java": false,
     "mpi": true,
     "shared": true,
     "szip": false,
     "threadsafe": false,
     "tools": true,
     "cflags": [],
     "cppflags": [],
     "cxxflags": [],
     "fflags": [],
     "ldflags": [],
     "ldlibs": []
    },
    "dependencies": {
     "cmake": {
      "hash": "dntkszc43eer63th2pjcqfbdppbmq7vy",
      "type": [
       "build"
      ]
     },
     "openmpi": {
      "hash": "hrqcofj7tfwy6dqstzpmjgsd5f74adx7",
      "type": [
       "build",
       "link"
      ]
     },
     "pkgconf": {
      "hash": "dpl2ah43btcwhu7ihvywi4k6mr4bhjj5",
      "type": [
       "run"
      ]
     },
     "zlib": {
      "hash": "oll4m2dh7d3vjpdlfpncdmeihx562kjr",
      "type": [
       "build",
       "link"
      ]
     }
    },
    "hash": "jkkp7p6yqv3op2bg63zwyo6ewtzczsx3"
   }
  },
  "j6ylf7nhwnunbdz7poz6rkgl5jbo4hic": {
   "fftw": {
    "version": "3.3.9",
    "arch": {
     "platform": "darwin",
     "platform_os": "bigsur",
     "target": {
      "name": "skylake",
      "vendor": "GenuineIntel",
      "features": [
       "adx",
       "aes",
       "avx",
       "avx2",
       "bmi1",
       "bmi2",
       "clflushopt",
       "f16c",
       "fma",
       "mmx",
       "movbe",
       "pclmulqdq",
       "popcnt",
       "rdrand",
       "rdseed",
       "sse",
       "sse2",
       "sse4_1",
       "sse4_2",
       "ssse3",
       "xsavec",
       "xsaveopt"
      ],
      "generation": 0,
      "parents": [
       "broadwell"
      ]
     }
    },
    "compiler": {
     "name": "gcc",
     "version": "11.1.0"
    },
    "namespace": "builtin",
    "parameters": {
     "mpi": true,
     "openmp": true,
     "pfft_patches": false,
     "precision": [
      "double",
      "float"
     ],
     "cflags": [],
     "cppflags": [],
     "cxxflags": [],
     "fflags": [],
     "ldflags": [],
     "ldlibs": []
    },
    "dependencies": {
     "openmpi": {
      "hash": "hrqcofj7tfwy6dqstzpmjgsd5f74adx7",
      "type": [
       "build",
       "link"
      ]
     }
    },
    "hash": "khatsny4fjp3eh4by6vx3orchqgcgqzt"
   }
  },
  "rqafdlrabm7pjgfnehpnksbz3625cyfd": {
   "gsl": {
    "version": "2.7",
    "arch": {
     "platform": "darwin",
     "platform_os": "bigsur",
     "target": {
      "name": "skylake",
      "vendor": "GenuineIntel",
      "features": [
       "adx",
       "aes",
       "avx",
       "avx2",
       "bmi1",
       "bmi2",
       "clflushopt",
       "f16c",
       "fma",
       "mmx",
       "movbe",
       "pclmulqdq",
       "popcnt",
       "rdrand",
       "rdseed",
       "sse",
       "sse2",
       "sse4_1",
       "sse4_2",
       "ssse3",
       "xsavec",
       "xsaveopt"
      ],
      "generation": 0,
      "parents": [
       "broadwell"
      ]
     }
    },
    "compiler": {
     "name": "gcc",
     "version": "11.1.0"
    },
    "namespace": "builtin",
    "parameters": {
     "external-cblas": false,
     "cflags": [],
     "cppflags": [],
     "cxxflags": [],
     "fflags": [],
     "ldflags": [],
     "ldlibs": []
    },
    "hash": "rqafdlrabm7pjgfnehpnksbz3625cyfd"
   }
  }
 }
}